// !$*UTF8*$!
{
	archiveVersion = 1;
	classes = {
	};
	objectVersion = 77;
	objects = {

/* Begin PBXContainerItemProxy section */
		0D9717402CD8DCC300778A1B /* PBXContainerItemProxy */ = {
			isa = PBXContainerItemProxy;
			containerPortal = 0D9717252CD8DCC100778A1B /* Project object */;
			proxyType = 1;
			remoteGlobalIDString = 0D97172C2CD8DCC100778A1B;
			remoteInfo = MySecretRecipes;
		};
		0D97174A2CD8DCC300778A1B /* PBXContainerItemProxy */ = {
			isa = PBXContainerItemProxy;
			containerPortal = 0D9717252CD8DCC100778A1B /* Project object */;
			proxyType = 1;
			remoteGlobalIDString = 0D97172C2CD8DCC100778A1B;
			remoteInfo = MySecretRecipes;
		};
/* End PBXContainerItemProxy section */

/* Begin PBXFileReference section */
		0D97172D2CD8DCC100778A1B /* MySecretRecipes.app */ = {isa = PBXFileReference; explicitFileType = wrapper.application; includeInIndex = 0; path = MySecretRecipes.app; sourceTree = BUILT_PRODUCTS_DIR; };
		0D97173F2CD8DCC300778A1B /* MySecretRecipesTests.xctest */ = {isa = PBXFileReference; explicitFileType = wrapper.cfbundle; includeInIndex = 0; path = MySecretRecipesTests.xctest; sourceTree = BUILT_PRODUCTS_DIR; };
		0D9717492CD8DCC300778A1B /* MySecretRecipesUITests.xctest */ = {isa = PBXFileReference; explicitFileType = wrapper.cfbundle; includeInIndex = 0; path = MySecretRecipesUITests.xctest; sourceTree = BUILT_PRODUCTS_DIR; };
/* End PBXFileReference section */

/* Begin PBXFileSystemSynchronizedRootGroup section */
		0D9717422CD8DCC300778A1B /* MySecretRecipesTests */ = {
			isa = PBXFileSystemSynchronizedRootGroup;
			path = MySecretRecipesTests;
			sourceTree = "<group>";
		};
		0D97174C2CD8DCC300778A1B /* MySecretRecipesUITests */ = {
			isa = PBXFileSystemSynchronizedRootGroup;
			path = MySecretRecipesUITests;
			sourceTree = "<group>";
		};
		0D9717752CD8E40700778A1B /* MySecretRecipes */ = {
			isa = PBXFileSystemSynchronizedRootGroup;
			path = MySecretRecipes;
			sourceTree = "<group>";
		};
/* End PBXFileSystemSynchronizedRootGroup section */

/* Begin PBXFrameworksBuildPhase section */
		0D97172A2CD8DCC100778A1B /* Frameworks */ = {
			isa = PBXFrameworksBuildPhase;
			buildActionMask = 2147483647;
			files = (
			);
			runOnlyForDeploymentPostprocessing = 0;
		};
		0D97173C2CD8DCC300778A1B /* Frameworks */ = {
			isa = PBXFrameworksBuildPhase;
			buildActionMask = 2147483647;
			files = (
			);
			runOnlyForDeploymentPostprocessing = 0;
		};
		0D9717462CD8DCC300778A1B /* Frameworks */ = {
			isa = PBXFrameworksBuildPhase;
			buildActionMask = 2147483647;
			files = (
			);
			runOnlyForDeploymentPostprocessing = 0;
		};
/* End PBXFrameworksBuildPhase section */

/* Begin PBXGroup section */
		0D9717242CD8DCC100778A1B = {
			isa = PBXGroup;
			children = (
				0D9717752CD8E40700778A1B /* MySecretRecipes */,
				0D9717422CD8DCC300778A1B /* MySecretRecipesTests */,
				0D97174C2CD8DCC300778A1B /* MySecretRecipesUITests */,
				0D97172E2CD8DCC100778A1B /* Products */,
			);
			sourceTree = "<group>";
		};
		0D97172E2CD8DCC100778A1B /* Products */ = {
			isa = PBXGroup;
			children = (
				0D97172D2CD8DCC100778A1B /* MySecretRecipes.app */,
				0D97173F2CD8DCC300778A1B /* MySecretRecipesTests.xctest */,
				0D9717492CD8DCC300778A1B /* MySecretRecipesUITests.xctest */,
			);
			name = Products;
			sourceTree = "<group>";
		};
/* End PBXGroup section */

/* Begin PBXNativeTarget section */
		0D97172C2CD8DCC100778A1B /* MySecretRecipes */ = {
			isa = PBXNativeTarget;
			buildConfigurationList = 0D9717532CD8DCC300778A1B /* Build configuration list for PBXNativeTarget "MySecretRecipes" */;
			buildPhases = (
				0D9717292CD8DCC100778A1B /* Sources */,
				0D97172A2CD8DCC100778A1B /* Frameworks */,
				0D97172B2CD8DCC100778A1B /* Resources */,
			);
			buildRules = (
			);
			dependencies = (
			);
			fileSystemSynchronizedGroups = (
				0D9717752CD8E40700778A1B /* MySecretRecipes */,
			);
			name = MySecretRecipes;
			packageProductDependencies = (
			);
			productName = MySecretRecipes;
			productReference = 0D97172D2CD8DCC100778A1B /* MySecretRecipes.app */;
			productType = "com.apple.product-type.application";
		};
		0D97173E2CD8DCC300778A1B /* MySecretRecipesTests */ = {
			isa = PBXNativeTarget;
			buildConfigurationList = 0D9717562CD8DCC300778A1B /* Build configuration list for PBXNativeTarget "MySecretRecipesTests" */;
			buildPhases = (
				0D97173B2CD8DCC300778A1B /* Sources */,
				0D97173C2CD8DCC300778A1B /* Frameworks */,
				0D97173D2CD8DCC300778A1B /* Resources */,
			);
			buildRules = (
			);
			dependencies = (
				0D9717412CD8DCC300778A1B /* PBXTargetDependency */,
			);
			fileSystemSynchronizedGroups = (
				0D9717422CD8DCC300778A1B /* MySecretRecipesTests */,
			);
			name = MySecretRecipesTests;
			packageProductDependencies = (
			);
			productName = MySecretRecipesTests;
			productReference = 0D97173F2CD8DCC300778A1B /* MySecretRecipesTests.xctest */;
			productType = "com.apple.product-type.bundle.unit-test";
		};
		0D9717482CD8DCC300778A1B /* MySecretRecipesUITests */ = {
			isa = PBXNativeTarget;
			buildConfigurationList = 0D9717592CD8DCC300778A1B /* Build configuration list for PBXNativeTarget "MySecretRecipesUITests" */;
			buildPhases = (
				0D9717452CD8DCC300778A1B /* Sources */,
				0D9717462CD8DCC300778A1B /* Frameworks */,
				0D9717472CD8DCC300778A1B /* Resources */,
			);
			buildRules = (
			);
			dependencies = (
				0D97174B2CD8DCC300778A1B /* PBXTargetDependency */,
			);
			fileSystemSynchronizedGroups = (
				0D97174C2CD8DCC300778A1B /* MySecretRecipesUITests */,
			);
			name = MySecretRecipesUITests;
			packageProductDependencies = (
			);
			productName = MySecretRecipesUITests;
			productReference = 0D9717492CD8DCC300778A1B /* MySecretRecipesUITests.xctest */;
			productType = "com.apple.product-type.bundle.ui-testing";
		};
/* End PBXNativeTarget section */

/* Begin PBXProject section */
		0D9717252CD8DCC100778A1B /* Project object */ = {
			isa = PBXProject;
			attributes = {
				BuildIndependentTargetsInParallel = 1;
				LastSwiftUpdateCheck = 1600;
				LastUpgradeCheck = 1600;
				TargetAttributes = {
					0D97172C2CD8DCC100778A1B = {
						CreatedOnToolsVersion = 16.0;
					};
					0D97173E2CD8DCC300778A1B = {
						CreatedOnToolsVersion = 16.0;
						TestTargetID = 0D97172C2CD8DCC100778A1B;
					};
					0D9717482CD8DCC300778A1B = {
						CreatedOnToolsVersion = 16.0;
						TestTargetID = 0D97172C2CD8DCC100778A1B;
					};
				};
			};
			buildConfigurationList = 0D9717282CD8DCC100778A1B /* Build configuration list for PBXProject "MySecretRecipes" */;
			developmentRegion = en;
			hasScannedForEncodings = 0;
			knownRegions = (
				en,
				Base,
			);
			mainGroup = 0D9717242CD8DCC100778A1B;
			minimizedProjectReferenceProxies = 1;
			preferredProjectObjectVersion = 77;
			productRefGroup = 0D97172E2CD8DCC100778A1B /* Products */;
			projectDirPath = "";
			projectRoot = "";
			targets = (
				0D97172C2CD8DCC100778A1B /* MySecretRecipes */,
				0D97173E2CD8DCC300778A1B /* MySecretRecipesTests */,
				0D9717482CD8DCC300778A1B /* MySecretRecipesUITests */,
			);
		};
/* End PBXProject section */

/* Begin PBXResourcesBuildPhase section */
		0D97172B2CD8DCC100778A1B /* Resources */ = {
			isa = PBXResourcesBuildPhase;
			buildActionMask = 2147483647;
			files = (
			);
			runOnlyForDeploymentPostprocessing = 0;
		};
		0D97173D2CD8DCC300778A1B /* Resources */ = {
			isa = PBXResourcesBuildPhase;
			buildActionMask = 2147483647;
			files = (
			);
			runOnlyForDeploymentPostprocessing = 0;
		};
		0D9717472CD8DCC300778A1B /* Resources */ = {
			isa = PBXResourcesBuildPhase;
			buildActionMask = 2147483647;
			files = (
			);
			runOnlyForDeploymentPostprocessing = 0;
		};
/* End PBXResourcesBuildPhase section */

/* Begin PBXSourcesBuildPhase section */
		0D9717292CD8DCC100778A1B /* Sources */ = {
			isa = PBXSourcesBuildPhase;
			buildActionMask = 2147483647;
			files = (
			);
			runOnlyForDeploymentPostprocessing = 0;
		};
		0D97173B2CD8DCC300778A1B /* Sources */ = {
			isa = PBXSourcesBuildPhase;
			buildActionMask = 2147483647;
			files = (
			);
			runOnlyForDeploymentPostprocessing = 0;
		};
		0D9717452CD8DCC300778A1B /* Sources */ = {
			isa = PBXSourcesBuildPhase;
			buildActionMask = 2147483647;
			files = (
			);
			runOnlyForDeploymentPostprocessing = 0;
		};
/* End PBXSourcesBuildPhase section */

/* Begin PBXTargetDependency section */
		0D9717412CD8DCC300778A1B /* PBXTargetDependency */ = {
			isa = PBXTargetDependency;
			target = 0D97172C2CD8DCC100778A1B /* MySecretRecipes */;
			targetProxy = 0D9717402CD8DCC300778A1B /* PBXContainerItemProxy */;
		};
		0D97174B2CD8DCC300778A1B /* PBXTargetDependency */ = {
			isa = PBXTargetDependency;
			target = 0D97172C2CD8DCC100778A1B /* MySecretRecipes */;
			targetProxy = 0D97174A2CD8DCC300778A1B /* PBXContainerItemProxy */;
		};
/* End PBXTargetDependency section */

/* Begin XCBuildConfiguration section */
		0D9717512CD8DCC300778A1B /* Debug */ = {
			isa = XCBuildConfiguration;
			buildSettings = {
				ALWAYS_SEARCH_USER_PATHS = NO;
				ASSETCATALOG_COMPILER_GENERATE_SWIFT_ASSET_SYMBOL_EXTENSIONS = YES;
				CLANG_ANALYZER_NONNULL = YES;
				CLANG_ANALYZER_NUMBER_OBJECT_CONVERSION = YES_AGGRESSIVE;
				CLANG_CXX_LANGUAGE_STANDARD = "gnu++20";
				CLANG_ENABLE_MODULES = YES;
				CLANG_ENABLE_OBJC_ARC = YES;
				CLANG_ENABLE_OBJC_WEAK = YES;
				CLANG_WARN_BLOCK_CAPTURE_AUTORELEASING = YES;
				CLANG_WARN_BOOL_CONVERSION = YES;
				CLANG_WARN_COMMA = YES;
				CLANG_WARN_CONSTANT_CONVERSION = YES;
				CLANG_WARN_DEPRECATED_OBJC_IMPLEMENTATIONS = YES;
				CLANG_WARN_DIRECT_OBJC_ISA_USAGE = YES_ERROR;
				CLANG_WARN_DOCUMENTATION_COMMENTS = YES;
				CLANG_WARN_EMPTY_BODY = YES;
				CLANG_WARN_ENUM_CONVERSION = YES;
				CLANG_WARN_INFINITE_RECURSION = YES;
				CLANG_WARN_INT_CONVERSION = YES;
				CLANG_WARN_NON_LITERAL_NULL_CONVERSION = YES;
				CLANG_WARN_OBJC_IMPLICIT_RETAIN_SELF = YES;
				CLANG_WARN_OBJC_LITERAL_CONVERSION = YES;
				CLANG_WARN_OBJC_ROOT_CLASS = YES_ERROR;
				CLANG_WARN_QUOTED_INCLUDE_IN_FRAMEWORK_HEADER = YES;
				CLANG_WARN_RANGE_LOOP_ANALYSIS = YES;
				CLANG_WARN_STRICT_PROTOTYPES = YES;
				CLANG_WARN_SUSPICIOUS_MOVE = YES;
				CLANG_WARN_UNGUARDED_AVAILABILITY = YES_AGGRESSIVE;
				CLANG_WARN_UNREACHABLE_CODE = YES;
				CLANG_WARN__DUPLICATE_METHOD_MATCH = YES;
				COPY_PHASE_STRIP = NO;
				DEBUG_INFORMATION_FORMAT = dwarf;
				ENABLE_STRICT_OBJC_MSGSEND = YES;
				ENABLE_TESTABILITY = YES;
				ENABLE_USER_SCRIPT_SANDBOXING = YES;
				GCC_C_LANGUAGE_STANDARD = gnu17;
				GCC_DYNAMIC_NO_PIC = NO;
				GCC_NO_COMMON_BLOCKS = YES;
				GCC_OPTIMIZATION_LEVEL = 0;
				GCC_PREPROCESSOR_DEFINITIONS = (
					"DEBUG=1",
					"$(inherited)",
				);
				GCC_WARN_64_TO_32_BIT_CONVERSION = YES;
				GCC_WARN_ABOUT_RETURN_TYPE = YES_ERROR;
				GCC_WARN_UNDECLARED_SELECTOR = YES;
				GCC_WARN_UNINITIALIZED_AUTOS = YES_AGGRESSIVE;
				GCC_WARN_UNUSED_FUNCTION = YES;
				GCC_WARN_UNUSED_VARIABLE = YES;
				IPHONEOS_DEPLOYMENT_TARGET = 18.0;
				LOCALIZATION_PREFERS_STRING_CATALOGS = YES;
				MTL_ENABLE_DEBUG_INFO = INCLUDE_SOURCE;
				MTL_FAST_MATH = YES;
				ONLY_ACTIVE_ARCH = YES;
				SDKROOT = iphoneos;
				SWIFT_ACTIVE_COMPILATION_CONDITIONS = "DEBUG $(inherited)";
				SWIFT_OPTIMIZATION_LEVEL = "-Onone";
			};
			name = Debug;
		};
		0D9717522CD8DCC300778A1B /* Release */ = {
			isa = XCBuildConfiguration;
			buildSettings = {
				ALWAYS_SEARCH_USER_PATHS = NO;
				ASSETCATALOG_COMPILER_GENERATE_SWIFT_ASSET_SYMBOL_EXTENSIONS = YES;
				CLANG_ANALYZER_NONNULL = YES;
				CLANG_ANALYZER_NUMBER_OBJECT_CONVERSION = YES_AGGRESSIVE;
				CLANG_CXX_LANGUAGE_STANDARD = "gnu++20";
				CLANG_ENABLE_MODULES = YES;
				CLANG_ENABLE_OBJC_ARC = YES;
				CLANG_ENABLE_OBJC_WEAK = YES;
				CLANG_WARN_BLOCK_CAPTURE_AUTORELEASING = YES;
				CLANG_WARN_BOOL_CONVERSION = YES;
				CLANG_WARN_COMMA = YES;
				CLANG_WARN_CONSTANT_CONVERSION = YES;
				CLANG_WARN_DEPRECATED_OBJC_IMPLEMENTATIONS = YES;
				CLANG_WARN_DIRECT_OBJC_ISA_USAGE = YES_ERROR;
				CLANG_WARN_DOCUMENTATION_COMMENTS = YES;
				CLANG_WARN_EMPTY_BODY = YES;
				CLANG_WARN_ENUM_CONVERSION = YES;
				CLANG_WARN_INFINITE_RECURSION = YES;
				CLANG_WARN_INT_CONVERSION = YES;
				CLANG_WARN_NON_LITERAL_NULL_CONVERSION = YES;
				CLANG_WARN_OBJC_IMPLICIT_RETAIN_SELF = YES;
				CLANG_WARN_OBJC_LITERAL_CONVERSION = YES;
				CLANG_WARN_OBJC_ROOT_CLASS = YES_ERROR;
				CLANG_WARN_QUOTED_INCLUDE_IN_FRAMEWORK_HEADER = YES;
				CLANG_WARN_RANGE_LOOP_ANALYSIS = YES;
				CLANG_WARN_STRICT_PROTOTYPES = YES;
				CLANG_WARN_SUSPICIOUS_MOVE = YES;
				CLANG_WARN_UNGUARDED_AVAILABILITY = YES_AGGRESSIVE;
				CLANG_WARN_UNREACHABLE_CODE = YES;
				CLANG_WARN__DUPLICATE_METHOD_MATCH = YES;
				COPY_PHASE_STRIP = NO;
				DEBUG_INFORMATION_FORMAT = "dwarf-with-dsym";
				ENABLE_NS_ASSERTIONS = NO;
				ENABLE_STRICT_OBJC_MSGSEND = YES;
				ENABLE_USER_SCRIPT_SANDBOXING = YES;
				GCC_C_LANGUAGE_STANDARD = gnu17;
				GCC_NO_COMMON_BLOCKS = YES;
				GCC_WARN_64_TO_32_BIT_CONVERSION = YES;
				GCC_WARN_ABOUT_RETURN_TYPE = YES_ERROR;
				GCC_WARN_UNDECLARED_SELECTOR = YES;
				GCC_WARN_UNINITIALIZED_AUTOS = YES_AGGRESSIVE;
				GCC_WARN_UNUSED_FUNCTION = YES;
				GCC_WARN_UNUSED_VARIABLE = YES;
				IPHONEOS_DEPLOYMENT_TARGET = 18.0;
				LOCALIZATION_PREFERS_STRING_CATALOGS = YES;
				MTL_ENABLE_DEBUG_INFO = NO;
				MTL_FAST_MATH = YES;
				SDKROOT = iphoneos;
				SWIFT_COMPILATION_MODE = wholemodule;
				VALIDATE_PRODUCT = YES;
			};
			name = Release;
		};
		0D9717542CD8DCC300778A1B /* Debug */ = {
			isa = XCBuildConfiguration;
			buildSettings = {
				ASSETCATALOG_COMPILER_APPICON_NAME = AppIcon;
				ASSETCATALOG_COMPILER_GLOBAL_ACCENT_COLOR_NAME = AccentColor;
				CODE_SIGN_STYLE = Automatic;
				CURRENT_PROJECT_VERSION = 1;
				DEVELOPMENT_ASSET_PATHS = "\"MySecretRecipes/Preview Content\"";
				DEVELOPMENT_TEAM = 9HLG8CJVW2;
				ENABLE_PREVIEWS = YES;
				GENERATE_INFOPLIST_FILE = YES;
				INFOPLIST_KEY_NSFaceIDUsageDescription = "Please authenticate yourself to unlock recipes.";
				INFOPLIST_KEY_UIApplicationSceneManifest_Generation = YES;
				INFOPLIST_KEY_UIApplicationSupportsIndirectInputEvents = YES;
				INFOPLIST_KEY_UILaunchScreen_Generation = YES;
				INFOPLIST_KEY_UISupportedInterfaceOrientations = "UIInterfaceOrientationLandscapeLeft UIInterfaceOrientationLandscapeRight UIInterfaceOrientationPortrait";
				INFOPLIST_KEY_UISupportedInterfaceOrientations_iPad = "UIInterfaceOrientationLandscapeLeft UIInterfaceOrientationLandscapeRight UIInterfaceOrientationPortrait UIInterfaceOrientationPortraitUpsideDown";
				LD_RUNPATH_SEARCH_PATHS = (
					"$(inherited)",
					"@executable_path/Frameworks",
				);
				MARKETING_VERSION = 1.0;
				PRODUCT_BUNDLE_IDENTIFIER = YY.MySecretRecipes;
				PRODUCT_NAME = "$(TARGET_NAME)";
				SWIFT_EMIT_LOC_STRINGS = YES;
				SWIFT_VERSION = 5.0;
				TARGETED_DEVICE_FAMILY = "1,2";
			};
			name = Debug;
		};
		0D9717552CD8DCC300778A1B /* Release */ = {
			isa = XCBuildConfiguration;
			buildSettings = {
				ASSETCATALOG_COMPILER_APPICON_NAME = AppIcon;
				ASSETCATALOG_COMPILER_GLOBAL_ACCENT_COLOR_NAME = AccentColor;
				CODE_SIGN_STYLE = Automatic;
				CURRENT_PROJECT_VERSION = 1;
				DEVELOPMENT_ASSET_PATHS = "\"MySecretRecipes/Preview Content\"";
				DEVELOPMENT_TEAM = 9HLG8CJVW2;
				ENABLE_PREVIEWS = YES;
				GENERATE_INFOPLIST_FILE = YES;
				INFOPLIST_KEY_NSFaceIDUsageDescription = "Please authenticate yourself to unlock recipes.";
				INFOPLIST_KEY_UIApplicationSceneManifest_Generation = YES;
				INFOPLIST_KEY_UIApplicationSupportsIndirectInputEvents = YES;
				INFOPLIST_KEY_UILaunchScreen_Generation = YES;
				INFOPLIST_KEY_UISupportedInterfaceOrientations = "UIInterfaceOrientationLandscapeLeft UIInterfaceOrientationLandscapeRight UIInterfaceOrientationPortrait";
				INFOPLIST_KEY_UISupportedInterfaceOrientations_iPad = "UIInterfaceOrientationLandscapeLeft UIInterfaceOrientationLandscapeRight UIInterfaceOrientationPortrait UIInterfaceOrientationPortraitUpsideDown";
				LD_RUNPATH_SEARCH_PATHS = (
					"$(inherited)",
					"@executable_path/Frameworks",
				);
				MARKETING_VERSION = 1.0;
				PRODUCT_BUNDLE_IDENTIFIER = YY.MySecretRecipes;
				PRODUCT_NAME = "$(TARGET_NAME)";
				SWIFT_EMIT_LOC_STRINGS = YES;
				SWIFT_VERSION = 5.0;
				TARGETED_DEVICE_FAMILY = "1,2";
			};
			name = Release;
		};
		0D9717572CD8DCC300778A1B /* Debug */ = {
			isa = XCBuildConfiguration;
			buildSettings = {
				BUNDLE_LOADER = "$(TEST_HOST)";
				CODE_SIGN_STYLE = Automatic;
				CURRENT_PROJECT_VERSION = 1;
				DEVELOPMENT_TEAM = 9HLG8CJVW2;
				GENERATE_INFOPLIST_FILE = YES;
				IPHONEOS_DEPLOYMENT_TARGET = 18.0;
				MARKETING_VERSION = 1.0;
				PRODUCT_BUNDLE_IDENTIFIER = YY.MySecretRecipesTests;
				PRODUCT_NAME = "$(TARGET_NAME)";
				SWIFT_EMIT_LOC_STRINGS = NO;
				SWIFT_VERSION = 5.0;
				TARGETED_DEVICE_FAMILY = "1,2";
				TEST_HOST = "$(BUILT_PRODUCTS_DIR)/MySecretRecipes.app/$(BUNDLE_EXECUTABLE_FOLDER_PATH)/MySecretRecipes";
			};
			name = Debug;
		};
		0D9717582CD8DCC300778A1B /* Release */ = {
			isa = XCBuildConfiguration;
			buildSettings = {
				BUNDLE_LOADER = "$(TEST_HOST)";
				CODE_SIGN_STYLE = Automatic;
				CURRENT_PROJECT_VERSION = 1;
				DEVELOPMENT_TEAM = 9HLG8CJVW2;
				GENERATE_INFOPLIST_FILE = YES;
				IPHONEOS_DEPLOYMENT_TARGET = 18.0;
				MARKETING_VERSION = 1.0;
				PRODUCT_BUNDLE_IDENTIFIER = YY.MySecretRecipesTests;
				PRODUCT_NAME = "$(TARGET_NAME)";
				SWIFT_EMIT_LOC_STRINGS = NO;
				SWIFT_VERSION = 5.0;
				TARGETED_DEVICE_FAMILY = "1,2";
				TEST_HOST = "$(BUILT_PRODUCTS_DIR)/MySecretRecipes.app/$(BUNDLE_EXECUTABLE_FOLDER_PATH)/MySecretRecipes";
			};
			name = Release;
		};
		0D97175A2CD8DCC300778A1B /* Debug */ = {
			isa = XCBuildConfiguration;
			buildSettings = {
				CODE_SIGN_STYLE = Automatic;
				CURRENT_PROJECT_VERSION = 1;
				DEVELOPMENT_TEAM = 9HLG8CJVW2;
				GENERATE_INFOPLIST_FILE = YES;
				MARKETING_VERSION = 1.0;
				PRODUCT_BUNDLE_IDENTIFIER = YY.MySecretRecipesUITests;
				PRODUCT_NAME = "$(TARGET_NAME)";
				SWIFT_EMIT_LOC_STRINGS = NO;
				SWIFT_VERSION = 5.0;
				TARGETED_DEVICE_FAMILY = "1,2";
				TEST_TARGET_NAME = MySecretRecipes;
			};
			name = Debug;
		};
		0D97175B2CD8DCC300778A1B /* Release */ = {
			isa = XCBuildConfiguration;
			buildSettings = {
				CODE_SIGN_STYLE = Automatic;
				CURRENT_PROJECT_VERSION = 1;
				DEVELOPMENT_TEAM = 9HLG8CJVW2;
				GENERATE_INFOPLIST_FILE = YES;
				MARKETING_VERSION = 1.0;
				PRODUCT_BUNDLE_IDENTIFIER = YY.MySecretRecipesUITests;
				PRODUCT_NAME = "$(TARGET_NAME)";
				SWIFT_EMIT_LOC_STRINGS = NO;
				SWIFT_VERSION = 5.0;
				TARGETED_DEVICE_FAMILY = "1,2";
				TEST_TARGET_NAME = MySecretRecipes;
			};
			name = Release;
		};
/* End XCBuildConfiguration section */

/* Begin XCConfigurationList section */
		0D9717282CD8DCC100778A1B /* Build configuration list for PBXProject "MySecretRecipes" */ = {
			isa = XCConfigurationList;
			buildConfigurations = (
				0D9717512CD8DCC300778A1B /* Debug */,
				0D9717522CD8DCC300778A1B /* Release */,
			);
			defaultConfigurationIsVisible = 0;
			defaultConfigurationName = Release;
		};
		0D9717532CD8DCC300778A1B /* Build configuration list for PBXNativeTarget "MySecretRecipes" */ = {
			isa = XCConfigurationList;
			buildConfigurations = (
				0D9717542CD8DCC300778A1B /* Debug */,
				0D9717552CD8DCC300778A1B /* Release */,
			);
			defaultConfigurationIsVisible = 0;
			defaultConfigurationName = Release;
		};
		0D9717562CD8DCC300778A1B /* Build configuration list for PBXNativeTarget "MySecretRecipesTests" */ = {
			isa = XCConfigurationList;
			buildConfigurations = (
				0D9717572CD8DCC300778A1B /* Debug */,
				0D9717582CD8DCC300778A1B /* Release */,
			);
			defaultConfigurationIsVisible = 0;
			defaultConfigurationName = Release;
		};
		0D9717592CD8DCC300778A1B /* Build configuration list for PBXNativeTarget "MySecretRecipesUITests" */ = {
			isa = XCConfigurationList;
			buildConfigurations = (
				0D97175A2CD8DCC300778A1B /* Debug */,
				0D97175B2CD8DCC300778A1B /* Release */,
			);
			defaultConfigurationIsVisible = 0;
			defaultConfigurationName = Release;
		};
/* End XCConfigurationList section */
	};
	rootObject = 0D9717252CD8DCC100778A1B /* Project object */;
}
